
Microsoft Visual Studio Solution File, Format Version 12.00
# Visual Studio 15
Project("{FAE04EC0-301F-11D3-BF4B-00C04F79EFBC}") = "UnityEngine.UI", "UnityEngine.UI.csproj", "{35EF8E5A-ED45-7CF2-C5FD-A89922898BCA}"
EndProject
Project("{FAE04EC0-301F-11D3-BF4B-00C04F79EFBC}") = "UnityEngine.TestRunner", "UnityEngine.TestRunner.csproj", "{F36862F6-EE90-F722-B89C-64062B22ED0F}"
EndProject
Project("{FAE04EC0-301F-11D3-BF4B-00C04F79EFBC}") = "Unity.Timeline", "Unity.Timeline.csproj", "{5FBBBA1B-83FB-4D93-4C61-1B7CD5B6F35A}"
EndProject
Project("{FAE04EC0-301F-11D3-BF4B-00C04F79EFBC}") = "Unity.TextMeshPro", "Unity.TextMeshPro.csproj", "{98EF82AB-75C5-4D64-8970-928B743CB242}"
EndProject
Project("{FAE04EC0-301F-11D3-BF4B-00C04F79EFBC}") = "UnityEditor.TestRunner", "UnityEditor.TestRunner.csproj", "{1E23E747-B748-6A53-887A-3ECDCDF96C40}"
EndProject
Project("{FAE04EC0-301F-11D3-BF4B-00C04F79EFBC}") = "Unity.PlasticSCM.Editor", "Unity.PlasticSCM.Editor.csproj", "{8A933A7F-FD2B-2937-5353-DEBC4D001539}"
EndProject
Project("{FAE04EC0-301F-11D3-BF4B-00C04F79EFBC}") = "UnityEditor.UI", "UnityEditor.UI.csproj", "{F6DC2F22-2BB4-9A16-D69A-E33A66FDF03E}"
EndProject
Project("{FAE04EC0-301F-11D3-BF4B-00C04F79EFBC}") = "Unity.Services.Core.Editor", "Unity.Services.Core.Editor.csproj", "{09768883-55A3-CE7E-404C-6F1133422FF1}"
EndProject
Project("{FAE04EC0-301F-11D3-BF4B-00C04F79EFBC}") = "Unity.Timeline.Editor", "Unity.Timeline.Editor.csproj", "{47CB0103-C6EA-BE66-0364-75AE0FD143EB}"
EndProject
Project("{FAE04EC0-301F-11D3-BF4B-00C04F79EFBC}") = "Unity.VisualStudio.Editor", "Unity.VisualStudio.Editor.csproj", "{606F038E-FD21-1E20-6C0C-5441CE2182F4}"
EndProject
Project("{FAE04EC0-301F-11D3-BF4B-00C04F79EFBC}") = "Unity.TextMeshPro.Editor", "Unity.TextMeshPro.Editor.csproj", "{502F0E0C-D570-268A-00BD-DA28B1A395AD}"
EndProject
Project("{FAE04EC0-301F-11D3-BF4B-00C04F79EFBC}") = "Unity.CollabProxy.Editor", "Unity.CollabProxy.Editor.csproj", "{F8DB9196-91B1-4EDB-5069-13F4FA8652BB}"
EndProject
Project("{FAE04EC0-301F-11D3-BF4B-00C04F79EFBC}") = "Unity.Rider.Editor", "Unity.Rider.Editor.csproj", "{DFAC8332-A13D-8E7A-D81F-A05FC06CD8D7}"
EndProject
Project("{FAE04EC0-301F-11D3-BF4B-00C04F79EFBC}") = "Unity.VSCode.Editor", "Unity.VSCode.Editor.csproj", "{58B2B0A4-ED0D-CDCE-DB0B-4C56BC122BE6}"
EndProject
Project("{FAE04EC0-301F-11D3-BF4B-00C04F79EFBC}") = "Assembly-CSharp-Editor", "Assembly-CSharp-Editor.csproj", "{1DABBBB1-5794-4B34-EAE2-DDB2E599D231}"
EndProject
Project("{FAE04EC0-301F-11D3-BF4B-00C04F79EFBC}") = "UnityEngine.UI", "UnityEngine.UI.Player.csproj", "{5065B8F5-3C8C-76D4-71E3-034291A3604D}"
EndProject
Project("{FAE04EC0-301F-11D3-BF4B-00C04F79EFBC}") = "UnityEngine.TestRunner", "UnityEngine.TestRunner.Player.csproj", "{A89A6158-1EA4-A603-2389-9C02B9F40A15}"
EndProject
Project("{FAE04EC0-301F-11D3-BF4B-00C04F79EFBC}") = "Unity.Timeline", "Unity.Timeline.Player.csproj", "{E91690CA-147D-14C6-B71D-56E39F18ED72}"
EndProject
Project("{FAE04EC0-301F-11D3-BF4B-00C04F79EFBC}") = "Unity.TextMeshPro", "Unity.TextMeshPro.Player.csproj", "{AF43DAE7-4795-A5F6-DE39-E286E8A2B283}"
EndProject
Global
	GlobalSection(SolutionConfigurationPlatforms) = preSolution
		Debug|Any CPU = Debug|Any CPU
		Release|Any CPU = Release|Any CPU
	EndGlobalSection
	GlobalSection(ProjectConfigurationPlatforms) = postSolution
		{35EF8E5A-ED45-7CF2-C5FD-A89922898BCA}.Debug|Any CPU.ActiveCfg = Debug|Any CPU
		{35EF8E5A-ED45-7CF2-C5FD-A89922898BCA}.Debug|Any CPU.Build.0 = Debug|Any CPU
		{35EF8E5A-ED45-7CF2-C5FD-A89922898BCA}.Release|Any CPU.ActiveCfg = Release|Any CPU
		{35EF8E5A-ED45-7CF2-C5FD-A89922898BCA}.Release|Any CPU.Build.0 = Release|Any CPU
		{F36862F6-EE90-F722-B89C-64062B22ED0F}.Debug|Any CPU.ActiveCfg = Debug|Any CPU
		{F36862F6-EE90-F722-B89C-64062B22ED0F}.Debug|Any CPU.Build.0 = Debug|Any CPU
		{F36862F6-EE90-F722-B89C-64062B22ED0F}.Release|Any CPU.ActiveCfg = Release|Any CPU
		{F36862F6-EE90-F722-B89C-64062B22ED0F}.Release|Any CPU.Build.0 = Release|Any CPU
		{5FBBBA1B-83FB-4D93-4C61-1B7CD5B6F35A}.Debug|Any CPU.ActiveCfg = Debug|Any CPU
		{5FBBBA1B-83FB-4D93-4C61-1B7CD5B6F35A}.Debug|Any CPU.Build.0 = Debug|Any CPU
		{5FBBBA1B-83FB-4D93-4C61-1B7CD5B6F35A}.Release|Any CPU.ActiveCfg = Release|Any CPU
		{5FBBBA1B-83FB-4D93-4C61-1B7CD5B6F35A}.Release|Any CPU.Build.0 = Release|Any CPU
		{98EF82AB-75C5-4D64-8970-928B743CB242}.Debug|Any CPU.ActiveCfg = Debug|Any CPU
		{98EF82AB-75C5-4D64-8970-928B743CB242}.Debug|Any CPU.Build.0 = Debug|Any CPU
		{98EF82AB-75C5-4D64-8970-928B743CB242}.Release|Any CPU.ActiveCfg = Release|Any CPU
		{98EF82AB-75C5-4D64-8970-928B743CB242}.Release|Any CPU.Build.0 = Release|Any CPU
		{1E23E747-B748-6A53-887A-3ECDCDF96C40}.Debug|Any CPU.ActiveCfg = Debug|Any CPU
		{1E23E747-B748-6A53-887A-3ECDCDF96C40}.Debug|Any CPU.Build.0 = Debug|Any CPU
		{1E23E747-B748-6A53-887A-3ECDCDF96C40}.Release|Any CPU.ActiveCfg = Release|Any CPU
		{1E23E747-B748-6A53-887A-3ECDCDF96C40}.Release|Any CPU.Build.0 = Release|Any CPU
		{8A933A7F-FD2B-2937-5353-DEBC4D001539}.Debug|Any CPU.ActiveCfg = Debug|Any CPU
		{8A933A7F-FD2B-2937-5353-DEBC4D001539}.Debug|Any CPU.Build.0 = Debug|Any CPU
		{8A933A7F-FD2B-2937-5353-DEBC4D001539}.Release|Any CPU.ActiveCfg = Release|Any CPU
		{8A933A7F-FD2B-2937-5353-DEBC4D001539}.Release|Any CPU.Build.0 = Release|Any CPU
		{F6DC2F22-2BB4-9A16-D69A-E33A66FDF03E}.Debug|Any CPU.ActiveCfg = Debug|Any CPU
		{F6DC2F22-2BB4-9A16-D69A-E33A66FDF03E}.Debug|Any CPU.Build.0 = Debug|Any CPU
		{F6DC2F22-2BB4-9A16-D69A-E33A66FDF03E}.Release|Any CPU.ActiveCfg = Release|Any CPU
		{F6DC2F22-2BB4-9A16-D69A-E33A66FDF03E}.Release|Any CPU.Build.0 = Release|Any CPU
		{09768883-55A3-CE7E-404C-6F1133422FF1}.Debug|Any CPU.ActiveCfg = Debug|Any CPU
		{09768883-55A3-CE7E-404C-6F1133422FF1}.Debug|Any CPU.Build.0 = Debug|Any CPU
		{09768883-55A3-CE7E-404C-6F1133422FF1}.Release|Any CPU.ActiveCfg = Release|Any CPU
		{09768883-55A3-CE7E-404C-6F1133422FF1}.Release|Any CPU.Build.0 = Release|Any CPU
		{47CB0103-C6EA-BE66-0364-75AE0FD143EB}.Debug|Any CPU.ActiveCfg = Debug|Any CPU
		{47CB0103-C6EA-BE66-0364-75AE0FD143EB}.Debug|Any CPU.Build.0 = Debug|Any CPU
		{47CB0103-C6EA-BE66-0364-75AE0FD143EB}.Release|Any CPU.ActiveCfg = Release|Any CPU
		{47CB0103-C6EA-BE66-0364-75AE0FD143EB}.Release|Any CPU.Build.0 = Release|Any CPU
		{606F038E-FD21-1E20-6C0C-5441CE2182F4}.Debug|Any CPU.ActiveCfg = Debug|Any CPU
		{606F038E-FD21-1E20-6C0C-5441CE2182F4}.Debug|Any CPU.Build.0 = Debug|Any CPU
		{606F038E-FD21-1E20-6C0C-5441CE2182F4}.Release|Any CPU.ActiveCfg = Release|Any CPU
		{606F038E-FD21-1E20-6C0C-5441CE2182F4}.Release|Any CPU.Build.0 = Release|Any CPU
		{502F0E0C-D570-268A-00BD-DA28B1A395AD}.Debug|Any CPU.ActiveCfg = Debug|Any CPU
		{502F0E0C-D570-268A-00BD-DA28B1A395AD}.Debug|Any CPU.Build.0 = Debug|Any CPU
		{502F0E0C-D570-268A-00BD-DA28B1A395AD}.Release|Any CPU.ActiveCfg = Release|Any CPU
		{502F0E0C-D570-268A-00BD-DA28B1A395AD}.Release|Any CPU.Build.0 = Release|Any CPU
		{F8DB9196-91B1-4EDB-5069-13F4FA8652BB}.Debug|Any CPU.ActiveCfg = Debug|Any CPU
		{F8DB9196-91B1-4EDB-5069-13F4FA8652BB}.Debug|Any CPU.Build.0 = Debug|Any CPU
		{F8DB9196-91B1-4EDB-5069-13F4FA8652BB}.Release|Any CPU.ActiveCfg = Release|Any CPU
		{F8DB9196-91B1-4EDB-5069-13F4FA8652BB}.Release|Any CPU.Build.0 = Release|Any CPU
		{DFAC8332-A13D-8E7A-D81F-A05FC06CD8D7}.Debug|Any CPU.ActiveCfg = Debug|Any CPU
		{DFAC8332-A13D-8E7A-D81F-A05FC06CD8D7}.Debug|Any CPU.Build.0 = Debug|Any CPU
		{DFAC8332-A13D-8E7A-D81F-A05FC06CD8D7}.Release|Any CPU.ActiveCfg = Release|Any CPU
		{DFAC8332-A13D-8E7A-D81F-A05FC06CD8D7}.Release|Any CPU.Build.0 = Release|Any CPU
		{58B2B0A4-ED0D-CDCE-DB0B-4C56BC122BE6}.Debug|Any CPU.ActiveCfg = Debug|Any CPU
		{58B2B0A4-ED0D-CDCE-DB0B-4C56BC122BE6}.Debug|Any CPU.Build.0 = Debug|Any CPU
		{58B2B0A4-ED0D-CDCE-DB0B-4C56BC122BE6}.Release|Any CPU.ActiveCfg = Release|Any CPU
		{58B2B0A4-ED0D-CDCE-DB0B-4C56BC122BE6}.Release|Any CPU.Build.0 = Release|Any CPU
		{1DABBBB1-5794-4B34-EAE2-DDB2E599D231}.Debug|Any CPU.ActiveCfg = Debug|Any CPU
		{1DABBBB1-5794-4B34-EAE2-DDB2E599D231}.Debug|Any CPU.Build.0 = Debug|Any CPU
		{1DABBBB1-5794-4B34-EAE2-DDB2E599D231}.Release|Any CPU.ActiveCfg = Release|Any CPU
		{1DABBBB1-5794-4B34-EAE2-DDB2E599D231}.Release|Any CPU.Build.0 = Release|Any CPU
		{5065B8F5-3C8C-76D4-71E3-034291A3604D}.Debug|Any CPU.ActiveCfg = Debug|Any CPU
		{5065B8F5-3C8C-76D4-71E3-034291A3604D}.Debug|Any CPU.Build.0 = Debug|Any CPU
		{5065B8F5-3C8C-76D4-71E3-034291A3604D}.Release|Any CPU.ActiveCfg = Release|Any CPU
		{5065B8F5-3C8C-76D4-71E3-034291A3604D}.Release|Any CPU.Build.0 = Release|Any CPU
		{A89A6158-1EA4-A603-2389-9C02B9F40A15}.Debug|Any CPU.ActiveCfg = Debug|Any CPU
		{A89A6158-1EA4-A603-2389-9C02B9F40A15}.Debug|Any CPU.Build.0 = Debug|Any CPU
		{A89A6158-1EA4-A603-2389-9C02B9F40A15}.Release|Any CPU.ActiveCfg = Release|Any CPU
		{A89A6158-1EA4-A603-2389-9C02B9F40A15}.Release|Any CPU.Build.0 = Release|Any CPU
		{E91690CA-147D-14C6-B71D-56E39F18ED72}.Debug|Any CPU.ActiveCfg = Debug|Any CPU
		{E91690CA-147D-14C6-B71D-56E39F18ED72}.Debug|Any CPU.Build.0 = Debug|Any CPU
		{E91690CA-147D-14C6-B71D-56E39F18ED72}.Release|Any CPU.ActiveCfg = Release|Any CPU
		{E91690CA-147D-14C6-B71D-56E39F18ED72}.Release|Any CPU.Build.0 = Release|Any CPU
		{AF43DAE7-4795-A5F6-DE39-E286E8A2B283}.Debug|Any CPU.ActiveCfg = Debug|Any CPU
		{AF43DAE7-4795-A5F6-DE39-E286E8A2B283}.Debug|Any CPU.Build.0 = Debug|Any CPU
		{AF43DAE7-4795-A5F6-DE39-E286E8A2B283}.Release|Any CPU.ActiveCfg = Release|Any CPU
		{AF43DAE7-4795-A5F6-DE39-E286E8A2B283}.Release|Any CPU.Build.0 = Release|Any CPU
	EndGlobalSection
	GlobalSection(SolutionProperties) = preSolution
		HideSolutionNode = FALSE
	EndGlobalSection
EndGlobal
