
Microsoft Visual Studio Solution File, Format Version 12.00
# Visual Studio 15
Project("{FAE04EC0-301F-11D3-BF4B-00C04F79EFBC}") = "Assembly-CSharp-Editor", "Assembly-CSharp-Editor.csproj", "{B7B5D792-A572-286E-1C23-FF90C4247F7B}"
EndProject
Project("{FAE04EC0-301F-11D3-BF4B-00C04F79EFBC}") = "asset-store-tools-editor", "asset-store-tools-editor.csproj", "{127671E8-87CB-D4D5-9127-98A3D12CCF53}"
EndProject
Global
	GlobalSection(SolutionConfigurationPlatforms) = preSolution
		Debug|Any CPU = Debug|Any CPU
		Release|Any CPU = Release|Any CPU
	EndGlobalSection
	GlobalSection(ProjectConfigurationPlatforms) = postSolution
		{B7B5D792-A572-286E-1C23-FF90C4247F7B}.Debug|Any CPU.ActiveCfg = Debug|Any CPU
		{B7B5D792-A572-286E-1C23-FF90C4247F7B}.Debug|Any CPU.Build.0 = Debug|Any CPU
		{B7B5D792-A572-286E-1C23-FF90C4247F7B}.Release|Any CPU.ActiveCfg = Release|Any CPU
		{B7B5D792-A572-286E-1C23-FF90C4247F7B}.Release|Any CPU.Build.0 = Release|Any CPU
		{127671E8-87CB-D4D5-9127-98A3D12CCF53}.Debug|Any CPU.ActiveCfg = Debug|Any CPU
		{127671E8-87CB-D4D5-9127-98A3D12CCF53}.Debug|Any CPU.Build.0 = Debug|Any CPU
		{127671E8-87CB-D4D5-9127-98A3D12CCF53}.Release|Any CPU.ActiveCfg = Release|Any CPU
		{127671E8-87CB-D4D5-9127-98A3D12CCF53}.Release|Any CPU.Build.0 = Release|Any CPU
	EndGlobalSection
	GlobalSection(SolutionProperties) = preSolution
		HideSolutionNode = FALSE
	EndGlobalSection
EndGlobal
